
Microsoft Visual Studio Solution File, Format Version 12.00
# Visual Studio Version 16
VisualStudioVersion = 16.0.29409.12
MinimumVisualStudioVersion = 10.0.40219.1
Project("{FAE04EC0-301F-11D3-BF4B-00C04F79EFBC}") = "PracticaMap", "PracticaMap.csproj", "{E83833AD-6F8E-466A-8AA5-563EEDD7063B}"
EndProject
Project("{FAE04EC0-301F-11D3-BF4B-00C04F79EFBC}") = "Tests", "..\Tests\Tests.csproj", "{A8418439-8409-4857-8D1A-09128EEE5245}"
EndProject
Global
	GlobalSection(SolutionConfigurationPlatforms) = preSolution
		Debug|Any CPU = Debug|Any CPU
		Release|Any CPU = Release|Any CPU
	EndGlobalSection
	GlobalSection(ProjectConfigurationPlatforms) = postSolution
		{E83833AD-6F8E-466A-8AA5-563EEDD7063B}.Debug|Any CPU.ActiveCfg = Debug|Any CPU
		{E83833AD-6F8E-466A-8AA5-563EEDD7063B}.Debug|Any CPU.Build.0 = Debug|Any CPU
		{E83833AD-6F8E-466A-8AA5-563EEDD7063B}.Release|Any CPU.ActiveCfg = Release|Any CPU
		{E83833AD-6F8E-466A-8AA5-563EEDD7063B}.Release|Any CPU.Build.0 = Release|Any CPU
		{A8418439-8409-4857-8D1A-09128EEE5245}.Debug|Any CPU.ActiveCfg = Debug|Any CPU
		{A8418439-8409-4857-8D1A-09128EEE5245}.Debug|Any CPU.Build.0 = Debug|Any CPU
		{A8418439-8409-4857-8D1A-09128EEE5245}.Release|Any CPU.ActiveCfg = Release|Any CPU
		{A8418439-8409-4857-8D1A-09128EEE5245}.Release|Any CPU.Build.0 = Release|Any CPU
	EndGlobalSection
	GlobalSection(SolutionProperties) = preSolution
		HideSolutionNode = FALSE
	EndGlobalSection
	GlobalSection(ExtensibilityGlobals) = postSolution
		SolutionGuid = {E0944D4F-D622-4168-8A1B-96B95903FEA1}
	EndGlobalSection
EndGlobal
